<?xml version="1.0" encoding="utf-8"?>
<Project ToolsVersion="4.0" xmlns="http://schemas.microsoft.com/developer/msbuild/2003">
  <ItemGroup>
    <Filter Include="源文件">
      <UniqueIdentifier>{4FC737F1-C7A5-4376-A066-2A32D752A2FF}</UniqueIdentifier>
      <Extensions>cpp;c;cc;cxx;c++;cppm;ixx;def;odl;idl;hpj;bat;asm;asmx</Extensions>
    </Filter>
    <Filter Include="头文件">
      <UniqueIdentifier>{93995380-89BD-4b04-88EB-625FBE52EBFB}</UniqueIdentifier>
      <Extensions>h;hh;hpp;hxx;h++;hm;inl;inc;ipp;xsd</Extensions>
    </Filter>
    <Filter Include="资源文件">
      <UniqueIdentifier>{67DA6AB6-F800-4c08-8B7A-83BB121AAD01}</UniqueIdentifier>
      <Extensions>rc;ico;cur;bmp;dlg;rc2;rct;bin;rgs;gif;jpg;jpeg;jpe;resx;tiff;tif;png;wav;mfcribbon-ms</Extensions>
    </Filter>
  </ItemGroup>
  <ItemGroup>
    <ClInclude Include="Urgc\UrgcPredef.h">
      <Filter>头文件</Filter>
    </ClInclude>
    <ClInclude Include="Urgc\Urgc.h">
      <Filter>头文件</Filter>
    </ClInclude>
    <ClInclude Include="Urgc\urgc_api.h">
      <Filter>头文件</Filter>
    </ClInclude>
    <ClInclude Include="Urgc\UrgcIndex.h">
      <Filter>头文件</Filter>
    </ClInclude>
    <ClInclude Include="Urgc\GcObj.h">
      <Filter>头文件</Filter>
    </ClInclude>
    <ClInclude Include="Urgc\GcList.h">
      <Filter>头文件</Filter>
    </ClInclude>
    <ClInclude Include="Urgc\GcMap.h">
      <Filter>头文件</Filter>
    </ClInclude>
    <ClInclude Include="Core\Predef.h">
      <Filter>头文件</Filter>
    </ClInclude>
    <ClInclude Include="Core\Vec2.h">
      <Filter>头文件</Filter>
    </ClInclude>
    <ClInclude Include="Core\Vec3.h">
      <Filter>头文件</Filter>
    </ClInclude>
    <ClInclude Include="Core\Rect.h">
      <Filter>头文件</Filter>
    </ClInclude>
    <ClInclude Include="Core\Mat2d.h">
      <Filter>头文件</Filter>
    </ClInclude>
    <ClInclude Include="Core\Inset.h">
      <Filter>头文件</Filter>
    </ClInclude>
    <ClInclude Include="Core\Frame.h">
      <Filter>头文件</Filter>
    </ClInclude>
    <ClInclude Include="Core\Color.h">
      <Filter>头文件</Filter>
    </ClInclude>
    <ClInclude Include="Core\Edge.h">
      <Filter>头文件</Filter>
    </ClInclude>
    <ClInclude Include="Core\Border.h">
      <Filter>头文件</Filter>
    </ClInclude>
    <ClInclude Include="Core\Radius.h">
      <Filter>头文件</Filter>
    </ClInclude>
    <ClInclude Include="Core\BoxShadow.h">
      <Filter>头文件</Filter>
    </ClInclude>
    <ClInclude Include="Core\Bezier.h">
      <Filter>头文件</Filter>
    </ClInclude>
    <ClInclude Include="Core\Image.h">
      <Filter>头文件</Filter>
    </ClInclude>
    <ClInclude Include="Core\Event.h">
      <Filter>头文件</Filter>
    </ClInclude>
    <ClInclude Include="Core\Emitter.h">
      <Filter>头文件</Filter>
    </ClInclude>
    <ClInclude Include="Core\Node.h">
      <Filter>头文件</Filter>
    </ClInclude>
    <ClInclude Include="Core\ViewBase.h">
      <Filter>头文件</Filter>
    </ClInclude>
    <ClInclude Include="Core\View.h">
      <Filter>头文件</Filter>
    </ClInclude>
    <ClInclude Include="Core\Canvas.h">
      <Filter>头文件</Filter>
    </ClInclude>
    <ClInclude Include="Core\Window.h">
      <Filter>头文件</Filter>
    </ClInclude>
    <ClInclude Include="Core\App.h">
      <Filter>头文件</Filter>
    </ClInclude>
    <ClInclude Include="Core\Timer.h">
      <Filter>头文件</Filter>
    </ClInclude>
    <ClInclude Include="Core\TimerNode.h">
      <Filter>头文件</Filter>
    </ClInclude>
    <ClInclude Include="Core\Fps.h">
      <Filter>头文件</Filter>
    </ClInclude>
    <ClInclude Include="Core\Focus.h">
      <Filter>头文件</Filter>
    </ClInclude>
    <ClInclude Include="Core\Cursor.h">
      <Filter>头文件</Filter>
    </ClInclude>
    <ClInclude Include="Core\Screen.h">
      <Filter>头文件</Filter>
    </ClInclude>
    <ClInclude Include="Core\Clipboard.h">
      <Filter>头文件</Filter>
    </ClInclude>
    <ClInclude Include="Core\MouseEvent.h">
      <Filter>头文件</Filter>
    </ClInclude>
    <ClInclude Include="Core\KeyEvent.h">
      <Filter>头文件</Filter>
    </ClInclude>
    <ClInclude Include="Core\Mouse.h">
      <Filter>头文件</Filter>
    </ClInclude>
    <ClInclude Include="Core\Keyboard.h">
      <Filter>头文件</Filter>
    </ClInclude>
    <ClInclude Include="Core\LayoutCell.h">
      <Filter>头文件</Filter>
    </ClInclude>
    <ClInclude Include="Core\NodeLib.h">
      <Filter>头文件</Filter>
    </ClInclude>
    <ClInclude Include="Meta\MetaProperty.h">
      <Filter>头文件</Filter>
    </ClInclude>
    <ClInclude Include="Meta\MetaClass.h">
      <Filter>头文件</Filter>
    </ClInclude>
    <ClInclude Include="Meta\MetaRegistry.h">
      <Filter>头文件</Filter>
    </ClInclude>
    <ClInclude Include="Meta\MetaRegistrar.h">
      <Filter>头文件</Filter>
    </ClInclude>
    <ClInclude Include="Meta\Meta.h">
      <Filter>头文件</Filter>
    </ClInclude>
    <ClInclude Include="Core\Vec4.h">
      <Filter>头文件</Filter>
    </ClInclude>
    <ClInclude Include="Core\Mat3.h">
      <Filter>头文件</Filter>
    </ClInclude>
    <ClInclude Include="Core\Quaternion.h">
      <Filter>头文件</Filter>
    </ClInclude>
    <ClInclude Include="Core\Quat.h">
      <Filter>头文件</Filter>
    </ClInclude>
    <ClInclude Include="Core\Euler.h">
      <Filter>头文件</Filter>
    </ClInclude>
    <ClInclude Include="Core\Line3.h">
      <Filter>头文件</Filter>
    </ClInclude>
    <ClInclude Include="Core\Plane.h">
      <Filter>头文件</Filter>
    </ClInclude>
    <ClInclude Include="Core\Spherical.h">
      <Filter>头文件</Filter>
    </ClInclude>
    <ClInclude Include="Core\Triangle.h">
      <Filter>头文件</Filter>
    </ClInclude>
    <ClInclude Include="Core\Frustum.h">
      <Filter>头文件</Filter>
    </ClInclude>
    <ClInclude Include="Layout\LayoutAlign.h">
      <Filter>头文件</Filter>
    </ClInclude>
    <ClInclude Include="Layout\LayoutLinear.h">
      <Filter>头文件</Filter>
    </ClInclude>
    <ClInclude Include="Layout\LayoutGrid.h">
      <Filter>头文件</Filter>
    </ClInclude>
    <ClInclude Include="Layout\RowWrap.h">
      <Filter>头文件</Filter>
    </ClInclude>
    <ClInclude Include="Dialog\Toast.h">
      <Filter>头文件</Filter>
    </ClInclude>
    <ClInclude Include="Dialog\FileDialog.h">
      <Filter>头文件</Filter>
    </ClInclude>
    <ClInclude Include="Dialog\MessageDialog.h">
      <Filter>头文件</Filter>
    </ClInclude>
    <ClInclude Include="View\TextView.h">
      <Filter>头文件</Filter>
    </ClInclude>
    <ClInclude Include="View\ImageView.h">
      <Filter>头文件</Filter>
    </ClInclude>
    <ClInclude Include="View\Button.h">
      <Filter>头文件</Filter>
    </ClInclude>
    <ClInclude Include="View\Checkbox.h">
      <Filter>头文件</Filter>
    </ClInclude>
    <ClInclude Include="View\HoverViewEffect.h">
      <Filter>头文件</Filter>
    </ClInclude>
    <ClInclude Include="View\MenuNative.h">
      <Filter>头文件</Filter>
    </ClInclude>
    <ClInclude Include="View\Switch.h">
      <Filter>头文件</Filter>
    </ClInclude>
    <ClInclude Include="View\SystemTrayIcon.h">
      <Filter>头文件</Filter>
    </ClInclude>
    <ClInclude Include="Core\Defines_win.h">
      <Filter>头文件</Filter>
    </ClInclude>
    <ClInclude Include="View\ProgressView.h">
      <Filter>头文件</Filter>
    </ClInclude>
    <ClInclude Include="View\Drag.h">
      <Filter>头文件</Filter>
    </ClInclude>
    <ClInclude Include="View\Slider.h">
      <Filter>头文件</Filter>
    </ClInclude>
    <ClInclude Include="View\SplitterView.h">
      <Filter>头文件</Filter>
    </ClInclude>
    <ClInclude Include="View\EditText.h">
      <Filter>头文件</Filter>
    </ClInclude>
    <ClInclude Include="Core\Theme.h">
      <Filter>头文件</Filter>
    </ClInclude>
    <ClInclude Include="Naga\Win32Utf8Util.h">
      <Filter>头文件</Filter>
    </ClInclude>
    <ClInclude Include="Naga\Utf8Util.h">
      <Filter>头文件</Filter>
    </ClInclude>
    <ClInclude Include="Naga\MathEx.h">
      <Filter>头文件</Filter>
    </ClInclude>
    <ClInclude Include="Naga\StrUtil.h">
      <Filter>头文件</Filter>
    </ClInclude>
    <ClInclude Include="View\Panel.h">
      <Filter>头文件</Filter>
    </ClInclude>
    <ClInclude Include="View\TableView.h">
      <Filter>头文件</Filter>
    </ClInclude>
    <ClInclude Include="View\TreeView.h">
      <Filter>头文件</Filter>
    </ClInclude>
    <ClInclude Include="Naga\Path.h">
      <Filter>头文件</Filter>
    </ClInclude>
    <ClInclude Include="Naga\FsUtil.h">
      <Filter>头文件</Filter>
    </ClInclude>
    <ClInclude Include="View\Select.h">
      <Filter>头文件</Filter>
    </ClInclude>
    <ClInclude Include="View\ScrollArea.h">
      <Filter>头文件</Filter>
    </ClInclude>
    <ClInclude Include="View\ColorPalete.h">
      <Filter>头文件</Filter>
    </ClInclude>
    <ClInclude Include="View\ColorPicker.h">
      <Filter>头文件</Filter>
    </ClInclude>
    <ClInclude Include="View\DockLayout.h">
      <Filter>头文件</Filter>
    </ClInclude>
    <ClInclude Include="Naga\TimeUtil.h">
      <Filter>头文件</Filter>
    </ClInclude>
    <ClInclude Include="Core\Mat.h">
      <Filter>头文件</Filter>
    </ClInclude>
    <ClInclude Include="GL\wglew.h">
      <Filter>头文件</Filter>
    </ClInclude>
    <ClInclude Include="GL\eglew.h">
      <Filter>头文件</Filter>
    </ClInclude>
    <ClInclude Include="GL\glew.h">
      <Filter>头文件</Filter>
    </ClInclude>
    <ClInclude Include="GL\glxew.h">
      <Filter>头文件</Filter>
    </ClInclude>
    <ClInclude Include="nanovg\fontstash.h">
      <Filter>头文件</Filter>
    </ClInclude>
    <ClInclude Include="nanovg\nanovg.h">
      <Filter>头文件</Filter>
    </ClInclude>
    <ClInclude Include="nanovg\nanovg_gl.h">
      <Filter>头文件</Filter>
    </ClInclude>
    <ClInclude Include="nanovg\nanovg_gl_utils.h">
      <Filter>头文件</Filter>
    </ClInclude>
    <ClInclude Include="nanovg\stb_image.h">
      <Filter>头文件</Filter>
    </ClInclude>
    <ClInclude Include="nanovg\stb_image_write.h">
      <Filter>头文件</Filter>
    </ClInclude>
    <ClInclude Include="nanovg\stb_truetype.h">
      <Filter>头文件</Filter>
    </ClInclude>
    <ClInclude Include="View\ListItemHoverEffect.h">
      <Filter>头文件</Filter>
    </ClInclude>
    <ClInclude Include="rttr\detail\base\core_prerequisites.h">
      <Filter>头文件</Filter>
    </ClInclude>
    <ClInclude Include="rttr\detail\base\pch.h">
      <Filter>头文件</Filter>
    </ClInclude>
    <ClInclude Include="rttr\detail\base\version.h">
      <Filter>头文件</Filter>
    </ClInclude>
    <ClInclude Include="rttr\detail\comparison\comparable_types.h">
      <Filter>头文件</Filter>
    </ClInclude>
    <ClInclude Include="rttr\detail\comparison\compare_array_equal.h">
      <Filter>头文件</Filter>
    </ClInclude>
    <ClInclude Include="rttr\detail\comparison\compare_array_equal_impl.h">
      <Filter>头文件</Filter>
    </ClInclude>
    <ClInclude Include="rttr\detail\comparison\compare_array_less.h">
      <Filter>头文件</Filter>
    </ClInclude>
    <ClInclude Include="rttr\detail\comparison\compare_array_less_impl.h">
      <Filter>头文件</Filter>
    </ClInclude>
    <ClInclude Include="rttr\detail\comparison\compare_equal.h">
      <Filter>头文件</Filter>
    </ClInclude>
    <ClInclude Include="rttr\detail\comparison\compare_equal_impl.h">
      <Filter>头文件</Filter>
    </ClInclude>
    <ClInclude Include="rttr\detail\comparison\compare_less.h">
      <Filter>头文件</Filter>
    </ClInclude>
    <ClInclude Include="rttr\detail\comparison\compare_less_impl.h">
      <Filter>头文件</Filter>
    </ClInclude>
    <ClInclude Include="rttr\detail\constructor\constructor_invoker.h">
      <Filter>头文件</Filter>
    </ClInclude>
    <ClInclude Include="rttr\detail\constructor\constructor_wrapper.h">
      <Filter>头文件</Filter>
    </ClInclude>
    <ClInclude Include="rttr\detail\constructor\constructor_wrapper_base.h">
      <Filter>头文件</Filter>
    </ClInclude>
    <ClInclude Include="rttr\detail\constructor\constructor_wrapper_defaults.h">
      <Filter>头文件</Filter>
    </ClInclude>
    <ClInclude Include="rttr\detail\conversion\number_conversion.h">
      <Filter>头文件</Filter>
    </ClInclude>
    <ClInclude Include="rttr\detail\conversion\std_conversion_functions.h">
      <Filter>头文件</Filter>
    </ClInclude>
    <ClInclude Include="rttr\detail\default_arguments\default_arguments.h">
      <Filter>头文件</Filter>
    </ClInclude>
    <ClInclude Include="rttr\detail\default_arguments\invoke_with_defaults.h">
      <Filter>头文件</Filter>
    </ClInclude>
    <ClInclude Include="rttr\detail\destructor\destructor_wrapper.h">
      <Filter>头文件</Filter>
    </ClInclude>
    <ClInclude Include="rttr\detail\destructor\destructor_wrapper_base.h">
      <Filter>头文件</Filter>
    </ClInclude>
    <ClInclude Include="rttr\detail\enumeration\enum_data.h">
      <Filter>头文件</Filter>
    </ClInclude>
    <ClInclude Include="rttr\detail\enumeration\enumeration_helper.h">
      <Filter>头文件</Filter>
    </ClInclude>
    <ClInclude Include="rttr\detail\enumeration\enumeration_wrapper.h">
      <Filter>头文件</Filter>
    </ClInclude>
    <ClInclude Include="rttr\detail\enumeration\enumeration_wrapper_base.h">
      <Filter>头文件</Filter>
    </ClInclude>
    <ClInclude Include="rttr\detail\filter\filter_item_funcs.h">
      <Filter>头文件</Filter>
    </ClInclude>
    <ClInclude Include="rttr\detail\impl\argument_impl.h">
      <Filter>头文件</Filter>
    </ClInclude>
    <ClInclude Include="rttr\detail\impl\array_range_impl.h">
      <Filter>头文件</Filter>
    </ClInclude>
    <ClInclude Include="rttr\detail\impl\associative_mapper_impl.h">
      <Filter>头文件</Filter>
    </ClInclude>
    <ClInclude Include="rttr\detail\impl\enum_flags_impl.h">
      <Filter>头文件</Filter>
    </ClInclude>
    <ClInclude Include="rttr\detail\impl\instance_impl.h">
      <Filter>头文件</Filter>
    </ClInclude>
    <ClInclude Include="rttr\detail\impl\rttr_cast_impl.h">
      <Filter>头文件</Filter>
    </ClInclude>
    <ClInclude Include="rttr\detail\impl\sequential_mapper_impl.h">
      <Filter>头文件</Filter>
    </ClInclude>
    <ClInclude Include="rttr\detail\impl\string_view_impl.h">
      <Filter>头文件</Filter>
    </ClInclude>
    <ClInclude Include="rttr\detail\impl\wrapper_mapper_impl.h">
      <Filter>头文件</Filter>
    </ClInclude>
    <ClInclude Include="rttr\detail\library\library_p.h">
      <Filter>头文件</Filter>
    </ClInclude>
    <ClInclude Include="rttr\detail\metadata\metadata.h">
      <Filter>头文件</Filter>
    </ClInclude>
    <ClInclude Include="rttr\detail\metadata\metadata_handler.h">
      <Filter>头文件</Filter>
    </ClInclude>
    <ClInclude Include="rttr\detail\method\method_accessor.h">
      <Filter>头文件</Filter>
    </ClInclude>
    <ClInclude Include="rttr\detail\method\method_invoker.h">
      <Filter>头文件</Filter>
    </ClInclude>
    <ClInclude Include="rttr\detail\method\method_wrapper.h">
      <Filter>头文件</Filter>
    </ClInclude>
    <ClInclude Include="rttr\detail\method\method_wrapper_base.h">
      <Filter>头文件</Filter>
    </ClInclude>
    <ClInclude Include="rttr\detail\misc\argument_extractor.h">
      <Filter>头文件</Filter>
    </ClInclude>
    <ClInclude Include="rttr\detail\misc\argument_wrapper.h">
      <Filter>头文件</Filter>
    </ClInclude>
    <ClInclude Include="rttr\detail\misc\class_item_mapper.h">
      <Filter>头文件</Filter>
    </ClInclude>
    <ClInclude Include="rttr\detail\misc\data_address_container.h">
      <Filter>头文件</Filter>
    </ClInclude>
    <ClInclude Include="rttr\detail\misc\flat_map.h">
      <Filter>头文件</Filter>
    </ClInclude>
    <ClInclude Include="rttr\detail\misc\flat_multimap.h">
      <Filter>头文件</Filter>
    </ClInclude>
    <ClInclude Include="rttr\detail\misc\function_traits.h">
      <Filter>头文件</Filter>
    </ClInclude>
    <ClInclude Include="rttr\detail\misc\iterator_wrapper.h">
      <Filter>头文件</Filter>
    </ClInclude>
    <ClInclude Include="rttr\detail\misc\misc_type_traits.h">
      <Filter>头文件</Filter>
    </ClInclude>
    <ClInclude Include="rttr\detail\misc\register_wrapper_mapper_conversion.h">
      <Filter>头文件</Filter>
    </ClInclude>
    <ClInclude Include="rttr\detail\misc\sequential_container_type_traits.h">
      <Filter>头文件</Filter>
    </ClInclude>
    <ClInclude Include="rttr\detail\misc\std_type_traits.h">
      <Filter>头文件</Filter>
    </ClInclude>
    <ClInclude Include="rttr\detail\misc\template_type_trait.h">
      <Filter>头文件</Filter>
    </ClInclude>
    <ClInclude Include="rttr\detail\misc\template_type_trait_impl.h">
      <Filter>头文件</Filter>
    </ClInclude>
    <ClInclude Include="rttr\detail\misc\utility.h">
      <Filter>头文件</Filter>
    </ClInclude>
    <ClInclude Include="rttr\detail\parameter_info\parameter_info_wrapper.h">
      <Filter>头文件</Filter>
    </ClInclude>
    <ClInclude Include="rttr\detail\parameter_info\parameter_info_wrapper_base.h">
      <Filter>头文件</Filter>
    </ClInclude>
    <ClInclude Include="rttr\detail\parameter_info\parameter_infos.h">
      <Filter>头文件</Filter>
    </ClInclude>
    <ClInclude Include="rttr\detail\parameter_info\parameter_infos_compare.h">
      <Filter>头文件</Filter>
    </ClInclude>
    <ClInclude Include="rttr\detail\parameter_info\parameter_names.h">
      <Filter>头文件</Filter>
    </ClInclude>
    <ClInclude Include="rttr\detail\policies\ctor_policies.h">
      <Filter>头文件</Filter>
    </ClInclude>
    <ClInclude Include="rttr\detail\policies\meth_policies.h">
      <Filter>头文件</Filter>
    </ClInclude>
    <ClInclude Include="rttr\detail\policies\prop_policies.h">
      <Filter>头文件</Filter>
    </ClInclude>
    <ClInclude Include="rttr\detail\property\property_accessor.h">
      <Filter>头文件</Filter>
    </ClInclude>
    <ClInclude Include="rttr\detail\property\property_wrapper.h">
      <Filter>头文件</Filter>
    </ClInclude>
    <ClInclude Include="rttr\detail\property\property_wrapper_base.h">
      <Filter>头文件</Filter>
    </ClInclude>
    <ClInclude Include="rttr\detail\property\property_wrapper_func.h">
      <Filter>头文件</Filter>
    </ClInclude>
    <ClInclude Include="rttr\detail\property\property_wrapper_member_func.h">
      <Filter>头文件</Filter>
    </ClInclude>
    <ClInclude Include="rttr\detail\property\property_wrapper_member_object.h">
      <Filter>头文件</Filter>
    </ClInclude>
    <ClInclude Include="rttr\detail\property\property_wrapper_object.h">
      <Filter>头文件</Filter>
    </ClInclude>
    <ClInclude Include="rttr\detail\registration\bind_impl.h">
      <Filter>头文件</Filter>
    </ClInclude>
    <ClInclude Include="rttr\detail\registration\bind_types.h">
      <Filter>头文件</Filter>
    </ClInclude>
    <ClInclude Include="rttr\detail\registration\register_base_class_from_accessor.h">
      <Filter>头文件</Filter>
    </ClInclude>
    <ClInclude Include="rttr\detail\registration\registration_executer.h">
      <Filter>头文件</Filter>
    </ClInclude>
    <ClInclude Include="rttr\detail\registration\registration_impl.h">
      <Filter>头文件</Filter>
    </ClInclude>
    <ClInclude Include="rttr\detail\registration\registration_manager.h">
      <Filter>头文件</Filter>
    </ClInclude>
    <ClInclude Include="rttr\detail\registration\registration_state_saver.h">
      <Filter>头文件</Filter>
    </ClInclude>
    <ClInclude Include="rttr\detail\type\accessor_type.h">
      <Filter>头文件</Filter>
    </ClInclude>
    <ClInclude Include="rttr\detail\type\base_classes.h">
      <Filter>头文件</Filter>
    </ClInclude>
    <ClInclude Include="rttr\detail\type\get_create_variant_func.h">
      <Filter>头文件</Filter>
    </ClInclude>
    <ClInclude Include="rttr\detail\type\get_derived_info_func.h">
      <Filter>头文件</Filter>
    </ClInclude>
    <ClInclude Include="rttr\detail\type\type_comparator.h">
      <Filter>头文件</Filter>
    </ClInclude>
    <ClInclude Include="rttr\detail\type\type_converter.h">
      <Filter>头文件</Filter>
    </ClInclude>
    <ClInclude Include="rttr\detail\type\type_data.h">
      <Filter>头文件</Filter>
    </ClInclude>
    <ClInclude Include="rttr\detail\type\type_impl.h">
      <Filter>头文件</Filter>
    </ClInclude>
    <ClInclude Include="rttr\detail\type\type_name.h">
      <Filter>头文件</Filter>
    </ClInclude>
    <ClInclude Include="rttr\detail\type\type_register.h">
      <Filter>头文件</Filter>
    </ClInclude>
    <ClInclude Include="rttr\detail\type\type_register_p.h">
      <Filter>头文件</Filter>
    </ClInclude>
    <ClInclude Include="rttr\detail\type\type_string_utils.h">
      <Filter>头文件</Filter>
    </ClInclude>
    <ClInclude Include="rttr\detail\variant\variant_compare.h">
      <Filter>头文件</Filter>
    </ClInclude>
    <ClInclude Include="rttr\detail\variant\variant_data.h">
      <Filter>头文件</Filter>
    </ClInclude>
    <ClInclude Include="rttr\detail\variant\variant_data_converter.h">
      <Filter>头文件</Filter>
    </ClInclude>
    <ClInclude Include="rttr\detail\variant\variant_data_policy.h">
      <Filter>头文件</Filter>
    </ClInclude>
    <ClInclude Include="rttr\detail\variant\variant_impl.h">
      <Filter>头文件</Filter>
    </ClInclude>
    <ClInclude Include="rttr\detail\variant_associative_view\variant_associative_view_creator.h">
      <Filter>头文件</Filter>
    </ClInclude>
    <ClInclude Include="rttr\detail\variant_associative_view\variant_associative_view_creator_impl.h">
      <Filter>头文件</Filter>
    </ClInclude>
    <ClInclude Include="rttr\detail\variant_associative_view\variant_associative_view_private.h">
      <Filter>头文件</Filter>
    </ClInclude>
    <ClInclude Include="rttr\detail\variant_sequential_view\variant_sequential_view_creator.h">
      <Filter>头文件</Filter>
    </ClInclude>
    <ClInclude Include="rttr\detail\variant_sequential_view\variant_sequential_view_creator_impl.h">
      <Filter>头文件</Filter>
    </ClInclude>
    <ClInclude Include="rttr\detail\variant_sequential_view\variant_sequential_view_private.h">
      <Filter>头文件</Filter>
    </ClInclude>
    <ClInclude Include="rttr\access_levels.h">
      <Filter>头文件</Filter>
    </ClInclude>
    <ClInclude Include="rttr\argument.h">
      <Filter>头文件</Filter>
    </ClInclude>
    <ClInclude Include="rttr\array_range.h">
      <Filter>头文件</Filter>
    </ClInclude>
    <ClInclude Include="rttr\associative_mapper.h">
      <Filter>头文件</Filter>
    </ClInclude>
    <ClInclude Include="rttr\constructor.h">
      <Filter>头文件</Filter>
    </ClInclude>
    <ClInclude Include="rttr\destructor.h">
      <Filter>头文件</Filter>
    </ClInclude>
    <ClInclude Include="rttr\enum_flags.h">
      <Filter>头文件</Filter>
    </ClInclude>
    <ClInclude Include="rttr\enumeration.h">
      <Filter>头文件</Filter>
    </ClInclude>
    <ClInclude Include="rttr\filter_item.h">
      <Filter>头文件</Filter>
    </ClInclude>
    <ClInclude Include="rttr\instance.h">
      <Filter>头文件</Filter>
    </ClInclude>
    <ClInclude Include="rttr\library.h">
      <Filter>头文件</Filter>
    </ClInclude>
    <ClInclude Include="rttr\method.h">
      <Filter>头文件</Filter>
    </ClInclude>
    <ClInclude Include="rttr\parameter_info.h">
      <Filter>头文件</Filter>
    </ClInclude>
    <ClInclude Include="rttr\policy.h">
      <Filter>头文件</Filter>
    </ClInclude>
    <ClInclude Include="rttr\property.h">
      <Filter>头文件</Filter>
    </ClInclude>
    <ClInclude Include="rttr\registration.h">
      <Filter>头文件</Filter>
    </ClInclude>
    <ClInclude Include="rttr\registration_friend.h">
      <Filter>头文件</Filter>
    </ClInclude>
    <ClInclude Include="rttr\rttr_cast.h">
      <Filter>头文件</Filter>
    </ClInclude>
    <ClInclude Include="rttr\rttr_enable.h">
      <Filter>头文件</Filter>
    </ClInclude>
    <ClInclude Include="rttr\sequential_mapper.h">
      <Filter>头文件</Filter>
    </ClInclude>
    <ClInclude Include="rttr\string_view.h">
      <Filter>头文件</Filter>
    </ClInclude>
    <ClInclude Include="rttr\type.h">
      <Filter>头文件</Filter>
    </ClInclude>
    <ClInclude Include="rttr\variant.h">
      <Filter>头文件</Filter>
    </ClInclude>
    <ClInclude Include="rttr\variant_associative_view.h">
      <Filter>头文件</Filter>
    </ClInclude>
    <ClInclude Include="rttr\variant_sequential_view.h">
      <Filter>头文件</Filter>
    </ClInclude>
    <ClInclude Include="rttr\wrapper_mapper.h">
      <Filter>头文件</Filter>
    </ClInclude>
  </ItemGroup>
  <ItemGroup>
    <ClCompile Include="Urgc\urgc.cpp">
      <Filter>源文件</Filter>
    </ClCompile>
    <ClCompile Include="Core\Color.cpp">
      <Filter>源文件</Filter>
    </ClCompile>
    <ClCompile Include="Core\Inset.cpp">
      <Filter>源文件</Filter>
    </ClCompile>
    <ClCompile Include="Core\Emitter.cpp">
      <Filter>源文件</Filter>
    </ClCompile>
    <ClCompile Include="Core\Node.cpp">
      <Filter>源文件</Filter>
    </ClCompile>
    <ClCompile Include="Core\Vec2.cpp">
      <Filter>源文件</Filter>
    </ClCompile>
    <ClCompile Include="Core\Edge.cpp">
      <Filter>源文件</Filter>
    </ClCompile>
    <ClCompile Include="Core\Border.cpp">
      <Filter>源文件</Filter>
    </ClCompile>
    <ClCompile Include="Core\Frame.cpp">
      <Filter>源文件</Filter>
    </ClCompile>
    <ClCompile Include="Core\ViewBase.cpp">
      <Filter>源文件</Filter>
    </ClCompile>
    <ClCompile Include="Core\View.cpp">
      <Filter>源文件</Filter>
    </ClCompile>
    <ClCompile Include="Core\App.cpp">
      <Filter>源文件</Filter>
    </ClCompile>
    <ClCompile Include="Core\Timer.cpp">
      <Filter>源文件</Filter>
    </ClCompile>
    <ClCompile Include="Core\Fps.cpp">
      <Filter>源文件</Filter>
    </ClCompile>
    <ClCompile Include="Core\Focus.cpp">
      <Filter>源文件</Filter>
    </ClCompile>
    <ClCompile Include="Core\Cursor.cpp">
      <Filter>源文件</Filter>
    </ClCompile>
    <ClCompile Include="Core\Screen.cpp">
      <Filter>源文件</Filter>
    </ClCompile>
    <ClCompile Include="Core\Clipboard.cpp">
      <Filter>源文件</Filter>
    </ClCompile>
    <ClCompile Include="Core\MouseEvent.cpp">
      <Filter>源文件</Filter>
    </ClCompile>
    <ClCompile Include="Core\KeyEvent.cpp">
      <Filter>源文件</Filter>
    </ClCompile>
    <ClCompile Include="Core\Mouse.cpp">
      <Filter>源文件</Filter>
    </ClCompile>
    <ClCompile Include="Core\Keyboard.cpp">
      <Filter>源文件</Filter>
    </ClCompile>
    <ClCompile Include="Core\LayoutCell.cpp">
      <Filter>源文件</Filter>
    </ClCompile>
    <ClCompile Include="Core\NodeLib.cpp">
      <Filter>源文件</Filter>
    </ClCompile>
    <ClCompile Include="Meta\MetaClass.cpp">
      <Filter>源文件</Filter>
    </ClCompile>
    <ClCompile Include="Meta\MetaRegistry.cpp">
      <Filter>源文件</Filter>
    </ClCompile>
    <ClCompile Include="Layout\LayoutAlign.cpp">
      <Filter>源文件</Filter>
    </ClCompile>
    <ClCompile Include="Layout\LayoutLinear.cpp">
      <Filter>源文件</Filter>
    </ClCompile>
    <ClCompile Include="Layout\LayoutGrid.cpp">
      <Filter>源文件</Filter>
    </ClCompile>
    <ClCompile Include="Layout\RowWrap.cpp">
      <Filter>源文件</Filter>
    </ClCompile>
    <ClCompile Include="Dialog\Toast.cpp">
      <Filter>源文件</Filter>
    </ClCompile>
    <ClCompile Include="Dialog\FileDialog.cpp">
      <Filter>源文件</Filter>
    </ClCompile>
    <ClCompile Include="Dialog\MessageDialog.cpp">
      <Filter>源文件</Filter>
    </ClCompile>
    <ClCompile Include="View\TextView.cpp">
      <Filter>源文件</Filter>
    </ClCompile>
    <ClCompile Include="View\ImageView.cpp">
      <Filter>源文件</Filter>
    </ClCompile>
    <ClCompile Include="View\Button.cpp">
      <Filter>源文件</Filter>
    </ClCompile>
    <ClCompile Include="View\Checkbox.cpp">
      <Filter>源文件</Filter>
    </ClCompile>
    <ClCompile Include="View\HoverViewEffect.cpp">
      <Filter>源文件</Filter>
    </ClCompile>
    <ClCompile Include="View\MenuNative.cpp">
      <Filter>源文件</Filter>
    </ClCompile>
    <ClCompile Include="View\Switch.cpp">
      <Filter>源文件</Filter>
    </ClCompile>
    <ClCompile Include="View\SystemTrayIcon.cpp">
      <Filter>源文件</Filter>
    </ClCompile>
    <ClCompile Include="View\ProgressView.cpp">
      <Filter>源文件</Filter>
    </ClCompile>
    <ClCompile Include="View\Drag.cpp">
      <Filter>源文件</Filter>
    </ClCompile>
    <ClCompile Include="View\Slider.cpp">
      <Filter>源文件</Filter>
    </ClCompile>
    <ClCompile Include="View\SplitterView.cpp">
      <Filter>源文件</Filter>
    </ClCompile>
    <ClCompile Include="View\EditText.cpp">
      <Filter>源文件</Filter>
    </ClCompile>
    <ClCompile Include="Core\Theme.cpp">
      <Filter>源文件</Filter>
    </ClCompile>
    <ClCompile Include="Naga\Utf8Util.cpp">
      <Filter>源文件</Filter>
    </ClCompile>
    <ClCompile Include="Naga\Win32Utf8Util.cpp">
      <Filter>源文件</Filter>
    </ClCompile>
    <ClCompile Include="Naga\MathEx.cpp">
      <Filter>源文件</Filter>
    </ClCompile>
    <ClCompile Include="Naga\StrUtil.cpp">
      <Filter>源文件</Filter>
    </ClCompile>
    <ClCompile Include="View\Panel.cpp">
      <Filter>源文件</Filter>
    </ClCompile>
    <ClCompile Include="View\TableView.cpp">
      <Filter>源文件</Filter>
    </ClCompile>
    <ClCompile Include="View\TreeView.cpp">
      <Filter>源文件</Filter>
    </ClCompile>
    <ClCompile Include="Naga\Path.cpp">
      <Filter>源文件</Filter>
    </ClCompile>
    <ClCompile Include="Naga\FsUtil.cpp">
      <Filter>源文件</Filter>
    </ClCompile>
    <ClCompile Include="View\Select.cpp">
      <Filter>源文件</Filter>
    </ClCompile>
    <ClCompile Include="View\ScrollArea.cpp">
      <Filter>源文件</Filter>
    </ClCompile>
    <ClCompile Include="View\ColorPalete.cpp">
      <Filter>源文件</Filter>
    </ClCompile>
    <ClCompile Include="View\ColorPicker.cpp">
      <Filter>源文件</Filter>
    </ClCompile>
    <ClCompile Include="View\DockLayout.cpp">
      <Filter>源文件</Filter>
    </ClCompile>
    <ClCompile Include="Core\Rect.cpp">
      <Filter>源文件</Filter>
    </ClCompile>
    <ClCompile Include="Naga\TimeUtil.cpp">
      <Filter>源文件</Filter>
    </ClCompile>
    <ClCompile Include="Core\Vec3.cpp">
      <Filter>源文件</Filter>
    </ClCompile>
    <ClCompile Include="Core\Mat.cpp">
      <Filter>源文件</Filter>
    </ClCompile>
    <ClCompile Include="Core\Euler.cpp">
      <Filter>源文件</Filter>
    </ClCompile>
    <ClCompile Include="Core\Quaternion.cpp">
      <Filter>源文件</Filter>
    </ClCompile>
    <ClCompile Include="Core\WindowWin32.cpp">
      <Filter>源文件</Filter>
    </ClCompile>
    <ClCompile Include="CanvasSkia\CanvasSkia.cpp">
      <Filter>源文件</Filter>
    </ClCompile>
    <ClCompile Include="Core\RTTR_Core_Math.cpp">
      <Filter>源文件</Filter>
    </ClCompile>
    <ClCompile Include="Core\RTTR_Core_UI.cpp">
      <Filter>源文件</Filter>
    </ClCompile>
    <ClCompile Include="View\ListItemHoverEffect.cpp">
      <Filter>源文件</Filter>
    </ClCompile>
    <ClCompile Include="Win32Skia\WindowWin32Skia.cpp">
      <Filter>源文件</Filter>
    </ClCompile>
    <ClCompile Include="JsonSerialization\NodeTreeIO.cpp">
      <Filter>源文件</Filter>
    </ClCompile>
    <ClCompile Include="rttr\detail\comparison\compare_equal.cpp">
      <Filter>源文件</Filter>
    </ClCompile>
    <ClCompile Include="rttr\detail\comparison\compare_less.cpp">
      <Filter>源文件</Filter>
    </ClCompile>
    <ClCompile Include="rttr\detail\constructor\constructor_wrapper_base.cpp">
      <Filter>源文件</Filter>
    </ClCompile>
    <ClCompile Include="rttr\detail\conversion\std_conversion_functions.cpp">
      <Filter>源文件</Filter>
    </ClCompile>
    <ClCompile Include="rttr\detail\destructor\destructor_wrapper_base.cpp">
      <Filter>源文件</Filter>
    </ClCompile>
    <ClCompile Include="rttr\detail\enumeration\enumeration_helper.cpp">
      <Filter>源文件</Filter>
    </ClCompile>
    <ClCompile Include="rttr\detail\enumeration\enumeration_wrapper_base.cpp">
      <Filter>源文件</Filter>
    </ClCompile>
    <ClCompile Include="rttr\detail\library\library_unix.cpp">
      <Filter>源文件</Filter>
    </ClCompile>
    <ClCompile Include="rttr\detail\library\library_win.cpp">
      <Filter>源文件</Filter>
    </ClCompile>
    <ClCompile Include="rttr\detail\method\method_wrapper_base.cpp">
      <Filter>源文件</Filter>
    </ClCompile>
    <ClCompile Include="rttr\detail\misc\standard_types.cpp">
      <Filter>源文件</Filter>
    </ClCompile>
    <ClCompile Include="rttr\detail\parameter_info\parameter_info_wrapper_base.cpp">
      <Filter>源文件</Filter>
    </ClCompile>
    <ClCompile Include="rttr\detail\property\property_wrapper_base.cpp">
      <Filter>源文件</Filter>
    </ClCompile>
    <ClCompile Include="rttr\detail\registration\registration_executer.cpp">
      <Filter>源文件</Filter>
    </ClCompile>
    <ClCompile Include="rttr\detail\registration\registration_state_saver.cpp">
      <Filter>源文件</Filter>
    </ClCompile>
    <ClCompile Include="rttr\detail\type\type_data.cpp">
      <Filter>源文件</Filter>
    </ClCompile>
    <ClCompile Include="rttr\detail\type\type_register.cpp">
      <Filter>源文件</Filter>
    </ClCompile>
    <ClCompile Include="rttr\detail\variant\variant_compare.cpp">
      <Filter>源文件</Filter>
    </ClCompile>
    <ClCompile Include="rttr\constructor.cpp">
      <Filter>源文件</Filter>
    </ClCompile>
    <ClCompile Include="rttr\destructor.cpp">
      <Filter>源文件</Filter>
    </ClCompile>
    <ClCompile Include="rttr\enumeration.cpp">
      <Filter>源文件</Filter>
    </ClCompile>
    <ClCompile Include="rttr\library.cpp">
      <Filter>源文件</Filter>
    </ClCompile>
    <ClCompile Include="rttr\method.cpp">
      <Filter>源文件</Filter>
    </ClCompile>
    <ClCompile Include="rttr\parameter_info.cpp">
      <Filter>源文件</Filter>
    </ClCompile>
    <ClCompile Include="rttr\policy.cpp">
      <Filter>源文件</Filter>
    </ClCompile>
    <ClCompile Include="rttr\property.cpp">
      <Filter>源文件</Filter>
    </ClCompile>
    <ClCompile Include="rttr\registration.cpp">
      <Filter>源文件</Filter>
    </ClCompile>
    <ClCompile Include="rttr\type.cpp">
      <Filter>源文件</Filter>
    </ClCompile>
    <ClCompile Include="rttr\variant.cpp">
      <Filter>源文件</Filter>
    </ClCompile>
    <ClCompile Include="rttr\variant_associative_view.cpp">
      <Filter>源文件</Filter>
    </ClCompile>
    <ClCompile Include="rttr\variant_sequential_view.cpp">
      <Filter>源文件</Filter>
    </ClCompile>
  </ItemGroup>
</Project>