<?xml version="1.0" encoding="utf-8"?>
<Project ToolsVersion="4.0" xmlns="http://schemas.microsoft.com/developer/msbuild/2003">
  <ItemGroup>
    <Filter Include="源文件">
      <UniqueIdentifier>{4FC737F1-C7A5-4376-A066-2A32D752A2FF}</UniqueIdentifier>
      <Extensions>cpp;c;cc;cxx;c++;cppm;ixx;def;odl;idl;hpj;bat;asm;asmx</Extensions>
    </Filter>
    <Filter Include="头文件">
      <UniqueIdentifier>{93995380-89BD-4b04-88EB-625FBE52EBFB}</UniqueIdentifier>
      <Extensions>h;hh;hpp;hxx;h++;hm;inl;inc;ipp;xsd</Extensions>
    </Filter>
    <Filter Include="资源文件">
      <UniqueIdentifier>{67DA6AB6-F800-4c08-8B7A-83BB121AAD01}</UniqueIdentifier>
      <Extensions>rc;ico;cur;bmp;dlg;rc2;rct;bin;rgs;gif;jpg;jpeg;jpe;resx;tiff;tif;png;wav;mfcribbon-ms</Extensions>
    </Filter>
  </ItemGroup>
  <ItemGroup>
    <ClInclude Include="Urgc\UrgcPredef.h">
      <Filter>头文件</Filter>
    </ClInclude>
    <ClInclude Include="Urgc\Urgc.h">
      <Filter>头文件</Filter>
    </ClInclude>
    <ClInclude Include="Urgc\urgc_api.h">
      <Filter>头文件</Filter>
    </ClInclude>
    <ClInclude Include="Urgc\UrgcIndex.h">
      <Filter>头文件</Filter>
    </ClInclude>
    <ClInclude Include="Urgc\GcObj.h">
      <Filter>头文件</Filter>
    </ClInclude>
    <ClInclude Include="Urgc\GcList.h">
      <Filter>头文件</Filter>
    </ClInclude>
    <ClInclude Include="Urgc\GcMap.h">
      <Filter>头文件</Filter>
    </ClInclude>
    <ClInclude Include="Core\Predef.h">
      <Filter>头文件</Filter>
    </ClInclude>
    <ClInclude Include="Core\Vec2.h">
      <Filter>头文件</Filter>
    </ClInclude>
    <ClInclude Include="Core\Vec3.h">
      <Filter>头文件</Filter>
    </ClInclude>
    <ClInclude Include="Core\Rect.h">
      <Filter>头文件</Filter>
    </ClInclude>
    <ClInclude Include="Core\Mat2d.h">
      <Filter>头文件</Filter>
    </ClInclude>
    <ClInclude Include="Core\Inset.h">
      <Filter>头文件</Filter>
    </ClInclude>
    <ClInclude Include="Core\Frame.h">
      <Filter>头文件</Filter>
    </ClInclude>
    <ClInclude Include="Core\Color.h">
      <Filter>头文件</Filter>
    </ClInclude>
    <ClInclude Include="Core\Edge.h">
      <Filter>头文件</Filter>
    </ClInclude>
    <ClInclude Include="Core\Border.h">
      <Filter>头文件</Filter>
    </ClInclude>
    <ClInclude Include="Core\Radius.h">
      <Filter>头文件</Filter>
    </ClInclude>
    <ClInclude Include="Core\BoxShadow.h">
      <Filter>头文件</Filter>
    </ClInclude>
    <ClInclude Include="Core\Bezier.h">
      <Filter>头文件</Filter>
    </ClInclude>
    <ClInclude Include="Core\Image.h">
      <Filter>头文件</Filter>
    </ClInclude>
    <ClInclude Include="Core\Event.h">
      <Filter>头文件</Filter>
    </ClInclude>
    <ClInclude Include="Core\Emitter.h">
      <Filter>头文件</Filter>
    </ClInclude>
    <ClInclude Include="Core\Node.h">
      <Filter>头文件</Filter>
    </ClInclude>
    <ClInclude Include="Core\ViewBase.h">
      <Filter>头文件</Filter>
    </ClInclude>
    <ClInclude Include="Core\View.h">
      <Filter>头文件</Filter>
    </ClInclude>
    <ClInclude Include="Core\Canvas.h">
      <Filter>头文件</Filter>
    </ClInclude>
    <ClInclude Include="Core\Window.h">
      <Filter>头文件</Filter>
    </ClInclude>
    <ClInclude Include="Core\App.h">
      <Filter>头文件</Filter>
    </ClInclude>
    <ClInclude Include="Core\Timer.h">
      <Filter>头文件</Filter>
    </ClInclude>
    <ClInclude Include="Core\TimerNode.h">
      <Filter>头文件</Filter>
    </ClInclude>
    <ClInclude Include="Core\Fps.h">
      <Filter>头文件</Filter>
    </ClInclude>
    <ClInclude Include="Core\Focus.h">
      <Filter>头文件</Filter>
    </ClInclude>
    <ClInclude Include="Core\Cursor.h">
      <Filter>头文件</Filter>
    </ClInclude>
    <ClInclude Include="Core\Screen.h">
      <Filter>头文件</Filter>
    </ClInclude>
    <ClInclude Include="Core\Clipboard.h">
      <Filter>头文件</Filter>
    </ClInclude>
    <ClInclude Include="Core\MouseEvent.h">
      <Filter>头文件</Filter>
    </ClInclude>
    <ClInclude Include="Core\KeyEvent.h">
      <Filter>头文件</Filter>
    </ClInclude>
    <ClInclude Include="Core\Mouse.h">
      <Filter>头文件</Filter>
    </ClInclude>
    <ClInclude Include="Core\Keyboard.h">
      <Filter>头文件</Filter>
    </ClInclude>
    <ClInclude Include="Core\LayoutCell.h">
      <Filter>头文件</Filter>
    </ClInclude>
    <ClInclude Include="Core\NodeLib.h">
      <Filter>头文件</Filter>
    </ClInclude>
    <ClInclude Include="Core\Vec4.h">
      <Filter>头文件</Filter>
    </ClInclude>
    <ClInclude Include="Core\Mat3.h">
      <Filter>头文件</Filter>
    </ClInclude>
    <ClInclude Include="Core\Quaternion.h">
      <Filter>头文件</Filter>
    </ClInclude>
    <ClInclude Include="Core\Quat.h">
      <Filter>头文件</Filter>
    </ClInclude>
    <ClInclude Include="Core\Euler.h">
      <Filter>头文件</Filter>
    </ClInclude>
    <ClInclude Include="Core\Line3.h">
      <Filter>头文件</Filter>
    </ClInclude>
    <ClInclude Include="Core\Plane.h">
      <Filter>头文件</Filter>
    </ClInclude>
    <ClInclude Include="Core\Spherical.h">
      <Filter>头文件</Filter>
    </ClInclude>
    <ClInclude Include="Core\Triangle.h">
      <Filter>头文件</Filter>
    </ClInclude>
    <ClInclude Include="Core\Frustum.h">
      <Filter>头文件</Filter>
    </ClInclude>
    <ClInclude Include="Layout\LayoutAlign.h">
      <Filter>头文件</Filter>
    </ClInclude>
    <ClInclude Include="Layout\LayoutLinear.h">
      <Filter>头文件</Filter>
    </ClInclude>
    <ClInclude Include="Layout\LayoutGrid.h">
      <Filter>头文件</Filter>
    </ClInclude>
    <ClInclude Include="Layout\RowWrap.h">
      <Filter>头文件</Filter>
    </ClInclude>
    <ClInclude Include="Dialog\Toast.h">
      <Filter>头文件</Filter>
    </ClInclude>
    <ClInclude Include="Dialog\FileDialog.h">
      <Filter>头文件</Filter>
    </ClInclude>
    <ClInclude Include="Dialog\MessageDialog.h">
      <Filter>头文件</Filter>
    </ClInclude>
    <ClInclude Include="View\TextView.h">
      <Filter>头文件</Filter>
    </ClInclude>
    <ClInclude Include="View\ImageView.h">
      <Filter>头文件</Filter>
    </ClInclude>
    <ClInclude Include="View\Button.h">
      <Filter>头文件</Filter>
    </ClInclude>
    <ClInclude Include="View\Checkbox.h">
      <Filter>头文件</Filter>
    </ClInclude>
    <ClInclude Include="View\HoverViewEffect.h">
      <Filter>头文件</Filter>
    </ClInclude>
    <ClInclude Include="View\MenuNative.h">
      <Filter>头文件</Filter>
    </ClInclude>
    <ClInclude Include="View\Switch.h">
      <Filter>头文件</Filter>
    </ClInclude>
    <ClInclude Include="View\SystemTrayIcon.h">
      <Filter>头文件</Filter>
    </ClInclude>
    <ClInclude Include="Core\Defines_win.h">
      <Filter>头文件</Filter>
    </ClInclude>
    <ClInclude Include="View\ProgressView.h">
      <Filter>头文件</Filter>
    </ClInclude>
    <ClInclude Include="View\Drag.h">
      <Filter>头文件</Filter>
    </ClInclude>
    <ClInclude Include="View\Slider.h">
      <Filter>头文件</Filter>
    </ClInclude>
    <ClInclude Include="View\SplitterView.h">
      <Filter>头文件</Filter>
    </ClInclude>
    <ClInclude Include="View\EditText.h">
      <Filter>头文件</Filter>
    </ClInclude>
    <ClInclude Include="Core\Theme.h">
      <Filter>头文件</Filter>
    </ClInclude>
    <ClInclude Include="Naga\Win32Utf8Util.h">
      <Filter>头文件</Filter>
    </ClInclude>
    <ClInclude Include="Naga\Utf8Util.h">
      <Filter>头文件</Filter>
    </ClInclude>
    <ClInclude Include="Naga\MathEx.h">
      <Filter>头文件</Filter>
    </ClInclude>
    <ClInclude Include="Naga\StrUtil.h">
      <Filter>头文件</Filter>
    </ClInclude>
    <ClInclude Include="View\Panel.h">
      <Filter>头文件</Filter>
    </ClInclude>
    <ClInclude Include="View\TableView.h">
      <Filter>头文件</Filter>
    </ClInclude>
    <ClInclude Include="View\TreeView.h">
      <Filter>头文件</Filter>
    </ClInclude>
    <ClInclude Include="Naga\Path.h">
      <Filter>头文件</Filter>
    </ClInclude>
    <ClInclude Include="Naga\FsUtil.h">
      <Filter>头文件</Filter>
    </ClInclude>
    <ClInclude Include="View\Select.h">
      <Filter>头文件</Filter>
    </ClInclude>
    <ClInclude Include="View\ScrollArea.h">
      <Filter>头文件</Filter>
    </ClInclude>
    <ClInclude Include="View\ColorPalete.h">
      <Filter>头文件</Filter>
    </ClInclude>
    <ClInclude Include="View\ColorPicker.h">
      <Filter>头文件</Filter>
    </ClInclude>
    <ClInclude Include="View\DockLayout.h">
      <Filter>头文件</Filter>
    </ClInclude>
  </ItemGroup>
  <ItemGroup>
    <ClCompile Include="Urgc\urgc.cpp">
      <Filter>源文件</Filter>
    </ClCompile>
    <ClCompile Include="main.cpp">
      <Filter>源文件</Filter>
    </ClCompile>
    <ClCompile Include="nanovg\nanovg.c">
      <Filter>源文件</Filter>
    </ClCompile>
    <ClCompile Include="Core\Color.cpp">
      <Filter>源文件</Filter>
    </ClCompile>
    <ClCompile Include="Core\Emitter.cpp">
      <Filter>源文件</Filter>
    </ClCompile>
    <ClCompile Include="Core\Node.cpp">
      <Filter>源文件</Filter>
    </ClCompile>
    <ClCompile Include="Core\ViewBase.cpp">
      <Filter>源文件</Filter>
    </ClCompile>
    <ClCompile Include="Core\View.cpp">
      <Filter>源文件</Filter>
    </ClCompile>
    <ClCompile Include="Core\Canvas.cpp">
      <Filter>源文件</Filter>
    </ClCompile>
    <ClCompile Include="Core\Window.cpp">
      <Filter>源文件</Filter>
    </ClCompile>
    <ClCompile Include="Core\App.cpp">
      <Filter>源文件</Filter>
    </ClCompile>
    <ClCompile Include="Core\Timer.cpp">
      <Filter>源文件</Filter>
    </ClCompile>
    <ClCompile Include="Core\Fps.cpp">
      <Filter>源文件</Filter>
    </ClCompile>
    <ClCompile Include="Core\Focus.cpp">
      <Filter>源文件</Filter>
    </ClCompile>
    <ClCompile Include="Core\Cursor.cpp">
      <Filter>源文件</Filter>
    </ClCompile>
    <ClCompile Include="Core\Screen.cpp">
      <Filter>源文件</Filter>
    </ClCompile>
    <ClCompile Include="Core\Clipboard.cpp">
      <Filter>源文件</Filter>
    </ClCompile>
    <ClCompile Include="Core\MouseEvent.cpp">
      <Filter>源文件</Filter>
    </ClCompile>
    <ClCompile Include="Core\KeyEvent.cpp">
      <Filter>源文件</Filter>
    </ClCompile>
    <ClCompile Include="Core\Mouse.cpp">
      <Filter>源文件</Filter>
    </ClCompile>
    <ClCompile Include="Core\Keyboard.cpp">
      <Filter>源文件</Filter>
    </ClCompile>
    <ClCompile Include="Core\LayoutCell.cpp">
      <Filter>源文件</Filter>
    </ClCompile>
    <ClCompile Include="Core\NodeLib.cpp">
      <Filter>源文件</Filter>
    </ClCompile>
    <ClCompile Include="Layout\LayoutAlign.cpp">
      <Filter>源文件</Filter>
    </ClCompile>
    <ClCompile Include="Layout\LayoutLinear.cpp">
      <Filter>源文件</Filter>
    </ClCompile>
    <ClCompile Include="Layout\LayoutGrid.cpp">
      <Filter>源文件</Filter>
    </ClCompile>
    <ClCompile Include="Layout\RowWrap.cpp">
      <Filter>源文件</Filter>
    </ClCompile>
    <ClCompile Include="Dialog\Toast.cpp">
      <Filter>源文件</Filter>
    </ClCompile>
    <ClCompile Include="Dialog\FileDialog.cpp">
      <Filter>源文件</Filter>
    </ClCompile>
    <ClCompile Include="Dialog\MessageDialog.cpp">
      <Filter>源文件</Filter>
    </ClCompile>
    <ClCompile Include="View\TextView.cpp">
      <Filter>源文件</Filter>
    </ClCompile>
    <ClCompile Include="View\ImageView.cpp">
      <Filter>源文件</Filter>
    </ClCompile>
    <ClCompile Include="Core\Image.cpp">
      <Filter>源文件</Filter>
    </ClCompile>
    <ClCompile Include="View\Button.cpp">
      <Filter>源文件</Filter>
    </ClCompile>
    <ClCompile Include="View\Checkbox.cpp">
      <Filter>源文件</Filter>
    </ClCompile>
    <ClCompile Include="View\HoverViewEffect.cpp">
      <Filter>源文件</Filter>
    </ClCompile>
    <ClCompile Include="View\MenuNative.cpp">
      <Filter>源文件</Filter>
    </ClCompile>
    <ClCompile Include="View\Switch.cpp">
      <Filter>源文件</Filter>
    </ClCompile>
    <ClCompile Include="View\SystemTrayIcon.cpp">
      <Filter>源文件</Filter>
    </ClCompile>
    <ClCompile Include="View\ProgressView.cpp">
      <Filter>源文件</Filter>
    </ClCompile>
    <ClCompile Include="View\Drag.cpp">
      <Filter>源文件</Filter>
    </ClCompile>
    <ClCompile Include="View\Slider.cpp">
      <Filter>源文件</Filter>
    </ClCompile>
    <ClCompile Include="View\SplitterView.cpp">
      <Filter>源文件</Filter>
    </ClCompile>
    <ClCompile Include="View\EditText.cpp">
      <Filter>源文件</Filter>
    </ClCompile>
    <ClCompile Include="Core\Theme.cpp">
      <Filter>源文件</Filter>
    </ClCompile>
    <ClCompile Include="Naga\Utf8Util.cpp">
      <Filter>源文件</Filter>
    </ClCompile>
    <ClCompile Include="Naga\Win32Utf8Util.cpp">
      <Filter>源文件</Filter>
    </ClCompile>
    <ClCompile Include="Naga\MathEx.cpp">
      <Filter>源文件</Filter>
    </ClCompile>
    <ClCompile Include="Naga\StrUtil.cpp">
      <Filter>源文件</Filter>
    </ClCompile>
    <ClCompile Include="View\Panel.cpp">
      <Filter>源文件</Filter>
    </ClCompile>
    <ClCompile Include="View\TableView.cpp">
      <Filter>源文件</Filter>
    </ClCompile>
    <ClCompile Include="View\TreeView.cpp">
      <Filter>源文件</Filter>
    </ClCompile>
    <ClCompile Include="Naga\Path.cpp">
      <Filter>源文件</Filter>
    </ClCompile>
    <ClCompile Include="Naga\FsUtil.cpp">
      <Filter>源文件</Filter>
    </ClCompile>
    <ClCompile Include="View\Select.cpp">
      <Filter>源文件</Filter>
    </ClCompile>
    <ClCompile Include="View\ScrollArea.cpp">
      <Filter>源文件</Filter>
    </ClCompile>
    <ClCompile Include="View\ColorPalete.cpp">
      <Filter>源文件</Filter>
    </ClCompile>
    <ClCompile Include="View\ColorPicker.cpp">
      <Filter>源文件</Filter>
    </ClCompile>
    <ClCompile Include="View\DockLayout.cpp">
      <Filter>源文件</Filter>
    </ClCompile>
  </ItemGroup>
</Project>