<?xml version="1.0" encoding="utf-8"?>
<Project ToolsVersion="4.0" xmlns="http://schemas.microsoft.com/developer/msbuild/2003">
  <ItemGroup>
    <Filter Include="Source Files">
      <UniqueIdentifier>{4FC737F1-C7A5-4376-A066-2A32D752A2FF}</UniqueIdentifier>
      <Extensions>cpp;c;cc;cxx;def;odl;idl;hpj;bat;asm;asmx</Extensions>
    </Filter>
    <Filter Include="Header Files">
      <UniqueIdentifier>{93995380-89BD-4b04-88EB-625FBE52EBFB}</UniqueIdentifier>
      <Extensions>h;hh;hpp;hxx;hm;inl;inc;xsd</Extensions>
    </Filter>
    <Filter Include="Resource Files">
      <UniqueIdentifier>{67DA6AB6-F800-4c08-8B7A-83BB121AAD01}</UniqueIdentifier>
      <Extensions>rc;ico;cur;bmp;dlg;rc2;rct;bin;rgs;gif;jpg;jpeg;jpe;resx;tiff;tif;png;wav;mfcribbon-ms</Extensions>
    </Filter>
    <Filter Include="generated">
      <UniqueIdentifier>{ef397b7b-1192-4d44-93ed-fadaec7622e8}</UniqueIdentifier>
    </Filter>
  </ItemGroup>
  <ItemGroup>
    <ClCompile Include="main.cpp">
      <Filter>Source Files</Filter>
    </ClCompile>
    <ClCompile Include="..\..\generated\OrcBaseListener.cpp">
      <Filter>generated</Filter>
    </ClCompile>
    <ClCompile Include="..\..\generated\OrcBaseVisitor.cpp">
      <Filter>generated</Filter>
    </ClCompile>
    <ClCompile Include="..\..\generated\OrcLexer.cpp">
      <Filter>generated</Filter>
    </ClCompile>
    <ClCompile Include="..\..\generated\OrcListener.cpp">
      <Filter>generated</Filter>
    </ClCompile>
    <ClCompile Include="..\..\generated\OrcParser.cpp">
      <Filter>generated</Filter>
    </ClCompile>
    <ClCompile Include="..\..\generated\OrcVisitor.cpp">
      <Filter>generated</Filter>
    </ClCompile>
    <ClCompile Include="..\..\generated\OrcParserBase.cpp">
      <Filter>generated</Filter>
    </ClCompile>
    <ClCompile Include="Symbol.cpp">
      <Filter>Source Files</Filter>
    </ClCompile>
    <ClCompile Include="Closure.cpp">
      <Filter>Source Files</Filter>
    </ClCompile>
    <ClCompile Include="FsWatcher.cpp">
      <Filter>Source Files</Filter>
    </ClCompile>
    <ClCompile Include="Project.cpp">
      <Filter>Source Files</Filter>
    </ClCompile>
    <ClCompile Include="FsUtil.cpp">
      <Filter>Source Files</Filter>
    </ClCompile>
    <ClCompile Include="Utf8Util.cpp">
      <Filter>Source Files</Filter>
    </ClCompile>
    <ClCompile Include="Win32Utf8Util.cpp">
      <Filter>Source Files</Filter>
    </ClCompile>
    <ClCompile Include="StrUtil.cpp">
      <Filter>Source Files</Filter>
    </ClCompile>
    <ClCompile Include="md5.cpp">
      <Filter>Source Files</Filter>
    </ClCompile>
    <ClCompile Include="ReturnStringVisitor.cpp">
      <Filter>Source Files</Filter>
    </ClCompile>
    <ClCompile Include="GenOrcCodeVisitor.cpp">
      <Filter>Source Files</Filter>
    </ClCompile>
    <ClCompile Include="TypeCheckerVisitor.cpp">
      <Filter>Source Files</Filter>
    </ClCompile>
    <ClCompile Include="OrcLsp.cpp">
      <Filter>Source Files</Filter>
    </ClCompile>
    <ClCompile Include="SymbolBuilderVisitor.cpp">
      <Filter>Source Files</Filter>
    </ClCompile>
    <ClCompile Include="CodeCompletionCore.cpp">
      <Filter>Source Files</Filter>
    </ClCompile>
    <ClCompile Include="CodeCompletion.cpp">
      <Filter>Source Files</Filter>
    </ClCompile>
    <ClCompile Include="ActorByThread.cpp">
      <Filter>Source Files</Filter>
    </ClCompile>
    <ClCompile Include="SymbolActor.cpp">
      <Filter>Source Files</Filter>
    </ClCompile>
    <ClCompile Include="LspActor.cpp">
      <Filter>Source Files</Filter>
    </ClCompile>
    <ClCompile Include="ProjectScanActor.cpp">
      <Filter>Source Files</Filter>
    </ClCompile>
    <ClCompile Include="JsonUtil.cpp">
      <Filter>Source Files</Filter>
    </ClCompile>
    <ClCompile Include="UrlUtil.cpp">
      <Filter>Source Files</Filter>
    </ClCompile>
    <ClCompile Include="ThreadUtil.cpp">
      <Filter>Source Files</Filter>
    </ClCompile>
  </ItemGroup>
  <ItemGroup>
    <ClInclude Include="..\..\generated\OrcBaseListener.h">
      <Filter>generated</Filter>
    </ClInclude>
    <ClInclude Include="..\..\generated\OrcBaseVisitor.h">
      <Filter>generated</Filter>
    </ClInclude>
    <ClInclude Include="..\..\generated\OrcLexer.h">
      <Filter>generated</Filter>
    </ClInclude>
    <ClInclude Include="..\..\generated\OrcListener.h">
      <Filter>generated</Filter>
    </ClInclude>
    <ClInclude Include="..\..\generated\OrcParser.h">
      <Filter>generated</Filter>
    </ClInclude>
    <ClInclude Include="..\..\generated\OrcVisitor.h">
      <Filter>generated</Filter>
    </ClInclude>
    <ClInclude Include="..\..\generated\OrcParserBase.h">
      <Filter>generated</Filter>
    </ClInclude>
    <ClInclude Include="Symbol.h">
      <Filter>Header Files</Filter>
    </ClInclude>
    <ClInclude Include="Closure.h">
      <Filter>Header Files</Filter>
    </ClInclude>
    <ClInclude Include="FsWatcher.h">
      <Filter>Header Files</Filter>
    </ClInclude>
    <ClInclude Include="Project.h">
      <Filter>Header Files</Filter>
    </ClInclude>
    <ClInclude Include="json.hpp">
      <Filter>Header Files</Filter>
    </ClInclude>
    <ClInclude Include="FsUtil.h">
      <Filter>Header Files</Filter>
    </ClInclude>
    <ClInclude Include="StrUtil.h">
      <Filter>Header Files</Filter>
    </ClInclude>
    <ClInclude Include="Utf8Util.h">
      <Filter>Header Files</Filter>
    </ClInclude>
    <ClInclude Include="Win32Utf8Util.h">
      <Filter>Header Files</Filter>
    </ClInclude>
    <ClInclude Include="Result.h">
      <Filter>Header Files</Filter>
    </ClInclude>
    <ClInclude Include="md5.h">
      <Filter>Header Files</Filter>
    </ClInclude>
    <ClInclude Include="ReturnStringVisitor.h">
      <Filter>Header Files</Filter>
    </ClInclude>
    <ClInclude Include="GenOrcCodeVisitor.h">
      <Filter>Header Files</Filter>
    </ClInclude>
    <ClInclude Include="resource.h">
      <Filter>Header Files</Filter>
    </ClInclude>
    <ClInclude Include="TypeCheckerVisitor.h">
      <Filter>Header Files</Filter>
    </ClInclude>
    <ClInclude Include="OrcLsp.h">
      <Filter>Header Files</Filter>
    </ClInclude>
    <ClInclude Include="SymbolBuilderVisitor.h">
      <Filter>Header Files</Filter>
    </ClInclude>
    <ClInclude Include="CodeCompletionCore.hpp">
      <Filter>Header Files</Filter>
    </ClInclude>
    <ClInclude Include="CodeCompletion.h">
      <Filter>Header Files</Filter>
    </ClInclude>
    <ClInclude Include="ActorByThread.h">
      <Filter>Header Files</Filter>
    </ClInclude>
    <ClInclude Include="SymbolActor.h">
      <Filter>Header Files</Filter>
    </ClInclude>
    <ClInclude Include="LspActor.h">
      <Filter>Header Files</Filter>
    </ClInclude>
    <ClInclude Include="ProjectScanActor.h">
      <Filter>Header Files</Filter>
    </ClInclude>
    <ClInclude Include="JsonUtil.h">
      <Filter>Header Files</Filter>
    </ClInclude>
    <ClInclude Include="UrlUtil.h">
      <Filter>Header Files</Filter>
    </ClInclude>
    <ClInclude Include="ThreadUtil.h">
      <Filter>Header Files</Filter>
    </ClInclude>
  </ItemGroup>
  <ItemGroup>
    <None Include="..\..\generated\Orc.interp">
      <Filter>generated</Filter>
    </None>
    <None Include="..\..\generated\Orc.tokens">
      <Filter>generated</Filter>
    </None>
    <None Include="..\..\generated\OrcLexer.interp">
      <Filter>generated</Filter>
    </None>
    <None Include="..\..\generated\OrcLexer.tokens">
      <Filter>generated</Filter>
    </None>
  </ItemGroup>
  <ItemGroup>
    <ResourceCompile Include="orcc.rc">
      <Filter>Resource Files</Filter>
    </ResourceCompile>
  </ItemGroup>
  <ItemGroup>
    <Image Include="icon1.ico">
      <Filter>Resource Files</Filter>
    </Image>
    <Image Include="icon2.ico">
      <Filter>Resource Files</Filter>
    </Image>
  </ItemGroup>
</Project>